// !$*UTF8*$!
{
	archiveVersion = 1;
	classes = {
	};
	objectVersion = 56;
	objects = {

/* Begin PBXBuildFile section */
		5B0BFAC32B73D6EC002521E3 /* Coordinator.swift in Sources */ = {isa = PBXBuildFile; fileRef = 5B0BFAC22B73D6EC002521E3 /* Coordinator.swift */; };
		5B0BFAC52B73D7CB002521E3 /* BaseStoryboarded.swift in Sources */ = {isa = PBXBuildFile; fileRef = 5B0BFAC42B73D7CB002521E3 /* BaseStoryboarded.swift */; };
		5B2F15832B663389007D050C /* AppDelegate.swift in Sources */ = {isa = PBXBuildFile; fileRef = 5B2F15822B663389007D050C /* AppDelegate.swift */; };
		5B2F15852B663389007D050C /* SceneDelegate.swift in Sources */ = {isa = PBXBuildFile; fileRef = 5B2F15842B663389007D050C /* SceneDelegate.swift */; };
		5B2F15872B663389007D050C /* ViewController.swift in Sources */ = {isa = PBXBuildFile; fileRef = 5B2F15862B663389007D050C /* ViewController.swift */; };
		5B2F158A2B663389007D050C /* Main.storyboard in Resources */ = {isa = PBXBuildFile; fileRef = 5B2F15882B663389007D050C /* Main.storyboard */; };
		5B2F158C2B66338A007D050C /* Assets.xcassets in Resources */ = {isa = PBXBuildFile; fileRef = 5B2F158B2B66338A007D050C /* Assets.xcassets */; };
		5B2F158F2B66338A007D050C /* LaunchScreen.storyboard in Resources */ = {isa = PBXBuildFile; fileRef = 5B2F158D2B66338A007D050C /* LaunchScreen.storyboard */; };
		5B3873E22B68BEAB00D71E0B /* NoobTableViewCellOne.swift in Sources */ = {isa = PBXBuildFile; fileRef = 5B3873E02B68BEAB00D71E0B /* NoobTableViewCellOne.swift */; };
		5B3873E32B68BEAB00D71E0B /* NoobTableViewCellOne.xib in Resources */ = {isa = PBXBuildFile; fileRef = 5B3873E12B68BEAB00D71E0B /* NoobTableViewCellOne.xib */; };
/* End PBXBuildFile section */

/* Begin PBXFileReference section */
		5B0BFAC22B73D6EC002521E3 /* Coordinator.swift */ = {isa = PBXFileReference; lastKnownFileType = sourcecode.swift; path = Coordinator.swift; sourceTree = "<group>"; };
		5B0BFAC42B73D7CB002521E3 /* BaseStoryboarded.swift */ = {isa = PBXFileReference; lastKnownFileType = sourcecode.swift; path = BaseStoryboarded.swift; sourceTree = "<group>"; };
		5B2F157F2B663389007D050C /* NoobStream.app */ = {isa = PBXFileReference; explicitFileType = wrapper.application; includeInIndex = 0; path = NoobStream.app; sourceTree = BUILT_PRODUCTS_DIR; };
		5B2F15822B663389007D050C /* AppDelegate.swift */ = {isa = PBXFileReference; lastKnownFileType = sourcecode.swift; path = AppDelegate.swift; sourceTree = "<group>"; };
		5B2F15842B663389007D050C /* SceneDelegate.swift */ = {isa = PBXFileReference; lastKnownFileType = sourcecode.swift; path = SceneDelegate.swift; sourceTree = "<group>"; };
		5B2F15862B663389007D050C /* ViewController.swift */ = {isa = PBXFileReference; lastKnownFileType = sourcecode.swift; path = ViewController.swift; sourceTree = "<group>"; };
		5B2F15892B663389007D050C /* Base */ = {isa = PBXFileReference; lastKnownFileType = file.storyboard; name = Base; path = Base.lproj/Main.storyboard; sourceTree = "<group>"; };
		5B2F158B2B66338A007D050C /* Assets.xcassets */ = {isa = PBXFileReference; lastKnownFileType = folder.assetcatalog; path = Assets.xcassets; sourceTree = "<group>"; };
		5B2F158E2B66338A007D050C /* Base */ = {isa = PBXFileReference; lastKnownFileType = file.storyboard; name = Base; path = Base.lproj/LaunchScreen.storyboard; sourceTree = "<group>"; };
		5B2F15902B66338A007D050C /* Info.plist */ = {isa = PBXFileReference; lastKnownFileType = text.plist.xml; path = Info.plist; sourceTree = "<group>"; };
		5B3873E02B68BEAB00D71E0B /* NoobTableViewCellOne.swift */ = {isa = PBXFileReference; lastKnownFileType = sourcecode.swift; path = NoobTableViewCellOne.swift; sourceTree = "<group>"; };
		5B3873E12B68BEAB00D71E0B /* NoobTableViewCellOne.xib */ = {isa = PBXFileReference; lastKnownFileType = file.xib; path = NoobTableViewCellOne.xib; sourceTree = "<group>"; };
/* End PBXFileReference section */

/* Begin PBXFrameworksBuildPhase section */
		5B2F157C2B663389007D050C /* Frameworks */ = {
			isa = PBXFrameworksBuildPhase;
			buildActionMask = 2147483647;
			files = (
			);
			runOnlyForDeploymentPostprocessing = 0;
		};
/* End PBXFrameworksBuildPhase section */

/* Begin PBXGroup section */
		5B2F15762B663389007D050C = {
			isa = PBXGroup;
			children = (
				5B2F15812B663389007D050C /* NoobStream */,
				5B2F15802B663389007D050C /* Products */,
			);
			sourceTree = "<group>";
		};
		5B2F15802B663389007D050C /* Products */ = {
			isa = PBXGroup;
			children = (
				5B2F157F2B663389007D050C /* NoobStream.app */,
			);
			name = Products;
			sourceTree = "<group>";
		};
		5B2F15812B663389007D050C /* NoobStream */ = {
			isa = PBXGroup;
			children = (
				5B2F15822B663389007D050C /* AppDelegate.swift */,
				5B2F15842B663389007D050C /* SceneDelegate.swift */,
				5B2F15862B663389007D050C /* ViewController.swift */,
				5B2F15882B663389007D050C /* Main.storyboard */,
				5B2F158B2B66338A007D050C /* Assets.xcassets */,
				5B2F158D2B66338A007D050C /* LaunchScreen.storyboard */,
				5B2F15902B66338A007D050C /* Info.plist */,
				5B3873E02B68BEAB00D71E0B /* NoobTableViewCellOne.swift */,
				5B3873E12B68BEAB00D71E0B /* NoobTableViewCellOne.xib */,
				5B0BFAC22B73D6EC002521E3 /* Coordinator.swift */,
				5B0BFAC42B73D7CB002521E3 /* BaseStoryboarded.swift */,
			);
			path = NoobStream;
			sourceTree = "<group>";
		};
/* End PBXGroup section */

/* Begin PBXNativeTarget section */
		5B2F157E2B663389007D050C /* NoobStream */ = {
			isa = PBXNativeTarget;
			buildConfigurationList = 5B2F15932B66338A007D050C /* Build configuration list for PBXNativeTarget "NoobStream" */;
			buildPhases = (
				5B2F157B2B663389007D050C /* Sources */,
				5B2F157C2B663389007D050C /* Frameworks */,
				5B2F157D2B663389007D050C /* Resources */,
			);
			buildRules = (
			);
			dependencies = (
			);
			name = NoobStream;
			productName = NoobStream;
			productReference = 5B2F157F2B663389007D050C /* NoobStream.app */;
			productType = "com.apple.product-type.application";
		};
/* End PBXNativeTarget section */

/* Begin PBXProject section */
		5B2F15772B663389007D050C /* Project object */ = {
			isa = PBXProject;
			attributes = {
				BuildIndependentTargetsInParallel = 1;
				LastSwiftUpdateCheck = 1520;
				LastUpgradeCheck = 1520;
				TargetAttributes = {
					5B2F157E2B663389007D050C = {
						CreatedOnToolsVersion = 15.2;
					};
				};
			};
			buildConfigurationList = 5B2F157A2B663389007D050C /* Build configuration list for PBXProject "NoobStream" */;
			compatibilityVersion = "Xcode 14.0";
			developmentRegion = en;
			hasScannedForEncodings = 0;
			knownRegions = (
				en,
				Base,
			);
			mainGroup = 5B2F15762B663389007D050C;
			productRefGroup = 5B2F15802B663389007D050C /* Products */;
			projectDirPath = "";
			projectRoot = "";
			targets = (
				5B2F157E2B663389007D050C /* NoobStream */,
			);
		};
/* End PBXProject section */

/* Begin PBXResourcesBuildPhase section */
		5B2F157D2B663389007D050C /* Resources */ = {
			isa = PBXResourcesBuildPhase;
			buildActionMask = 2147483647;
			files = (
				5B3873E32B68BEAB00D71E0B /* NoobTableViewCellOne.xib in Resources */,
				5B2F158F2B66338A007D050C /* LaunchScreen.storyboard in Resources */,
				5B2F158C2B66338A007D050C /* Assets.xcassets in Resources */,
				5B2F158A2B663389007D050C /* Main.storyboard in Resources */,
			);
			runOnlyForDeploymentPostprocessing = 0;
		};
/* End PBXResourcesBuildPhase section */

/* Begin PBXSourcesBuildPhase section */
		5B2F157B2B663389007D050C /* Sources */ = {
			isa = PBXSourcesBuildPhase;
			buildActionMask = 2147483647;
			files = (
				5B3873E22B68BEAB00D71E0B /* NoobTableViewCellOne.swift in Sources */,
				5B2F15872B663389007D050C /* ViewController.swift in Sources */,
				5B0BFAC32B73D6EC002521E3 /* Coordinator.swift in Sources */,
				5B2F15832B663389007D050C /* AppDelegate.swift in Sources */,
				5B2F15852B663389007D050C /* SceneDelegate.swift in Sources */,
				5B0BFAC52B73D7CB002521E3 /* BaseStoryboarded.swift in Sources */,
			);
			runOnlyForDeploymentPostprocessing = 0;
		};
/* End PBXSourcesBuildPhase section */

/* Begin PBXVariantGroup section */
		5B2F15882B663389007D050C /* Main.storyboard */ = {
			isa = PBXVariantGroup;
			children = (
				5B2F15892B663389007D050C /* Base */,
			);
			name = Main.storyboard;
			sourceTree = "<group>";
		};
		5B2F158D2B66338A007D050C /* LaunchScreen.storyboard */ = {
			isa = PBXVariantGroup;
			children = (
				5B2F158E2B66338A007D050C /* Base */,
			);
			name = LaunchScreen.storyboard;
			sourceTree = "<group>";
		};
/* End PBXVariantGroup section */

/* Begin XCBuildConfiguration section */
		5B2F15912B66338A007D050C /* Debug */ = {
			isa = XCBuildConfiguration;
			buildSettings = {
				ALWAYS_SEARCH_USER_PATHS = NO;
				ASSETCATALOG_COMPILER_GENERATE_SWIFT_ASSET_SYMBOL_EXTENSIONS = YES;
				CLANG_ANALYZER_NONNULL = YES;
				CLANG_ANALYZER_NUMBER_OBJECT_CONVERSION = YES_AGGRESSIVE;
				CLANG_CXX_LANGUAGE_STANDARD = "gnu++20";
				CLANG_ENABLE_MODULES = YES;
				CLANG_ENABLE_OBJC_ARC = YES;
				CLANG_ENABLE_OBJC_WEAK = YES;
				CLANG_WARN_BLOCK_CAPTURE_AUTORELEASING = YES;
				CLANG_WARN_BOOL_CONVERSION = YES;
				CLANG_WARN_COMMA = YES;
				CLANG_WARN_CONSTANT_CONVERSION = YES;
				CLANG_WARN_DEPRECATED_OBJC_IMPLEMENTATIONS = YES;
				CLANG_WARN_DIRECT_OBJC_ISA_USAGE = YES_ERROR;
				CLANG_WARN_DOCUMENTATION_COMMENTS = YES;
				CLANG_WARN_EMPTY_BODY = YES;
				CLANG_WARN_ENUM_CONVERSION = YES;
				CLANG_WARN_INFINITE_RECURSION = YES;
				CLANG_WARN_INT_CONVERSION = YES;
				CLANG_WARN_NON_LITERAL_NULL_CONVERSION = YES;
				CLANG_WARN_OBJC_IMPLICIT_RETAIN_SELF = YES;
				CLANG_WARN_OBJC_LITERAL_CONVERSION = YES;
				CLANG_WARN_OBJC_ROOT_CLASS = YES_ERROR;
				CLANG_WARN_QUOTED_INCLUDE_IN_FRAMEWORK_HEADER = YES;
				CLANG_WARN_RANGE_LOOP_ANALYSIS = YES;
				CLANG_WARN_STRICT_PROTOTYPES = YES;
				CLANG_WARN_SUSPICIOUS_MOVE = YES;
				CLANG_WARN_UNGUARDED_AVAILABILITY = YES_AGGRESSIVE;
				CLANG_WARN_UNREACHABLE_CODE = YES;
				CLANG_WARN__DUPLICATE_METHOD_MATCH = YES;
				COPY_PHASE_STRIP = NO;
				DEBUG_INFORMATION_FORMAT = dwarf;
				ENABLE_STRICT_OBJC_MSGSEND = YES;
				ENABLE_TESTABILITY = YES;
				ENABLE_USER_SCRIPT_SANDBOXING = YES;
				GCC_C_LANGUAGE_STANDARD = gnu17;
				GCC_DYNAMIC_NO_PIC = NO;
				GCC_NO_COMMON_BLOCKS = YES;
				GCC_OPTIMIZATION_LEVEL = 0;
				GCC_PREPROCESSOR_DEFINITIONS = (
					"DEBUG=1",
					"$(inherited)",
				);
				GCC_WARN_64_TO_32_BIT_CONVERSION = YES;
				GCC_WARN_ABOUT_RETURN_TYPE = YES_ERROR;
				GCC_WARN_UNDECLARED_SELECTOR = YES;
				GCC_WARN_UNINITIALIZED_AUTOS = YES_AGGRESSIVE;
				GCC_WARN_UNUSED_FUNCTION = YES;
				GCC_WARN_UNUSED_VARIABLE = YES;
				IPHONEOS_DEPLOYMENT_TARGET = 17.2;
				LOCALIZATION_PREFERS_STRING_CATALOGS = YES;
				MTL_ENABLE_DEBUG_INFO = INCLUDE_SOURCE;
				MTL_FAST_MATH = YES;
				ONLY_ACTIVE_ARCH = YES;
				SDKROOT = iphoneos;
				SWIFT_ACTIVE_COMPILATION_CONDITIONS = "DEBUG $(inherited)";
				SWIFT_OPTIMIZATION_LEVEL = "-Onone";
			};
			name = Debug;
		};
		5B2F15922B66338A007D050C /* Release */ = {
			isa = XCBuildConfiguration;
			buildSettings = {
				ALWAYS_SEARCH_USER_PATHS = NO;
				ASSETCATALOG_COMPILER_GENERATE_SWIFT_ASSET_SYMBOL_EXTENSIONS = YES;
				CLANG_ANALYZER_NONNULL = YES;
				CLANG_ANALYZER_NUMBER_OBJECT_CONVERSION = YES_AGGRESSIVE;
				CLANG_CXX_LANGUAGE_STANDARD = "gnu++20";
				CLANG_ENABLE_MODULES = YES;
				CLANG_ENABLE_OBJC_ARC = YES;
				CLANG_ENABLE_OBJC_WEAK = YES;
				CLANG_WARN_BLOCK_CAPTURE_AUTORELEASING = YES;
				CLANG_WARN_BOOL_CONVERSION = YES;
				CLANG_WARN_COMMA = YES;
				CLANG_WARN_CONSTANT_CONVERSION = YES;
				CLANG_WARN_DEPRECATED_OBJC_IMPLEMENTATIONS = YES;
				CLANG_WARN_DIRECT_OBJC_ISA_USAGE = YES_ERROR;
				CLANG_WARN_DOCUMENTATION_COMMENTS = YES;
				CLANG_WARN_EMPTY_BODY = YES;
				CLANG_WARN_ENUM_CONVERSION = YES;
				CLANG_WARN_INFINITE_RECURSION = YES;
				CLANG_WARN_INT_CONVERSION = YES;
				CLANG_WARN_NON_LITERAL_NULL_CONVERSION = YES;
				CLANG_WARN_OBJC_IMPLICIT_RETAIN_SELF = YES;
				CLANG_WARN_OBJC_LITERAL_CONVERSION = YES;
				CLANG_WARN_OBJC_ROOT_CLASS = YES_ERROR;
				CLANG_WARN_QUOTED_INCLUDE_IN_FRAMEWORK_HEADER = YES;
				CLANG_WARN_RANGE_LOOP_ANALYSIS = YES;
				CLANG_WARN_STRICT_PROTOTYPES = YES;
				CLANG_WARN_SUSPICIOUS_MOVE = YES;
				CLANG_WARN_UNGUARDED_AVAILABILITY = YES_AGGRESSIVE;
				CLANG_WARN_UNREACHABLE_CODE = YES;
				CLANG_WARN__DUPLICATE_METHOD_MATCH = YES;
				COPY_PHASE_STRIP = NO;
				DEBUG_INFORMATION_FORMAT = "dwarf-with-dsym";
				ENABLE_NS_ASSERTIONS = NO;
				ENABLE_STRICT_OBJC_MSGSEND = YES;
				ENABLE_USER_SCRIPT_SANDBOXING = YES;
				GCC_C_LANGUAGE_STANDARD = gnu17;
				GCC_NO_COMMON_BLOCKS = YES;
				GCC_WARN_64_TO_32_BIT_CONVERSION = YES;
				GCC_WARN_ABOUT_RETURN_TYPE = YES_ERROR;
				GCC_WARN_UNDECLARED_SELECTOR = YES;
				GCC_WARN_UNINITIALIZED_AUTOS = YES_AGGRESSIVE;
				GCC_WARN_UNUSED_FUNCTION = YES;
				GCC_WARN_UNUSED_VARIABLE = YES;
				IPHONEOS_DEPLOYMENT_TARGET = 17.2;
				LOCALIZATION_PREFERS_STRING_CATALOGS = YES;
				MTL_ENABLE_DEBUG_INFO = NO;
				MTL_FAST_MATH = YES;
				SDKROOT = iphoneos;
				SWIFT_COMPILATION_MODE = wholemodule;
				VALIDATE_PRODUCT = YES;
			};
			name = Release;
		};
		5B2F15942B66338A007D050C /* Debug */ = {
			isa = XCBuildConfiguration;
			buildSettings = {
				ASSETCATALOG_COMPILER_APPICON_NAME = AppIcon;
				ASSETCATALOG_COMPILER_GLOBAL_ACCENT_COLOR_NAME = AccentColor;
				CODE_SIGN_STYLE = Automatic;
				CURRENT_PROJECT_VERSION = 1;
				DEVELOPMENT_TEAM = WL84M4B86K;
				GENERATE_INFOPLIST_FILE = YES;
				INFOPLIST_FILE = NoobStream/Info.plist;
				INFOPLIST_KEY_UIApplicationSupportsIndirectInputEvents = YES;
				INFOPLIST_KEY_UILaunchStoryboardName = LaunchScreen;
				INFOPLIST_KEY_UIMainStoryboardFile = Main;
				INFOPLIST_KEY_UISupportedInterfaceOrientations_iPad = "UIInterfaceOrientationPortrait UIInterfaceOrientationPortraitUpsideDown UIInterfaceOrientationLandscapeLeft UIInterfaceOrientationLandscapeRight";
				INFOPLIST_KEY_UISupportedInterfaceOrientations_iPhone = "UIInterfaceOrientationPortrait UIInterfaceOrientationLandscapeLeft UIInterfaceOrientationLandscapeRight";
				IPHONEOS_DEPLOYMENT_TARGET = 13.0;
				LD_RUNPATH_SEARCH_PATHS = (
					"$(inherited)",
					"@executable_path/Frameworks",
				);
				MARKETING_VERSION = 1.0;
				PRODUCT_BUNDLE_IDENTIFIER = com.absar.NoobStream;
				PRODUCT_NAME = "$(TARGET_NAME)";
				SWIFT_EMIT_LOC_STRINGS = YES;
				SWIFT_VERSION = 5.0;
				TARGETED_DEVICE_FAMILY = "1,2";
			};
			name = Debug;
		};
		5B2F15952B66338A007D050C /* Release */ = {
			isa = XCBuildConfiguration;
			buildSettings = {
				ASSETCATALOG_COMPILER_APPICON_NAME = AppIcon;
				ASSETCATALOG_COMPILER_GLOBAL_ACCENT_COLOR_NAME = AccentColor;
				CODE_SIGN_STYLE = Automatic;
				CURRENT_PROJECT_VERSION = 1;
				DEVELOPMENT_TEAM = WL84M4B86K;
				GENERATE_INFOPLIST_FILE = YES;
				INFOPLIST_FILE = NoobStream/Info.plist;
				INFOPLIST_KEY_UIApplicationSupportsIndirectInputEvents = YES;
				INFOPLIST_KEY_UILaunchStoryboardName = LaunchScreen;
				INFOPLIST_KEY_UIMainStoryboardFile = Main;
				INFOPLIST_KEY_UISupportedInterfaceOrientations_iPad = "UIInterfaceOrientationPortrait UIInterfaceOrientationPortraitUpsideDown UIInterfaceOrientationLandscapeLeft UIInterfaceOrientationLandscapeRight";
				INFOPLIST_KEY_UISupportedInterfaceOrientations_iPhone = "UIInterfaceOrientationPortrait UIInterfaceOrientationLandscapeLeft UIInterfaceOrientationLandscapeRight";
				IPHONEOS_DEPLOYMENT_TARGET = 13.0;
				LD_RUNPATH_SEARCH_PATHS = (
					"$(inherited)",
					"@executable_path/Frameworks",
				);
				MARKETING_VERSION = 1.0;
				PRODUCT_BUNDLE_IDENTIFIER = com.absar.NoobStream;
				PRODUCT_NAME = "$(TARGET_NAME)";
				SWIFT_EMIT_LOC_STRINGS = YES;
				SWIFT_VERSION = 5.0;
				TARGETED_DEVICE_FAMILY = "1,2";
			};
			name = Release;
		};
/* End XCBuildConfiguration section */

/* Begin XCConfigurationList section */
		5B2F157A2B663389007D050C /* Build configuration list for PBXProject "NoobStream" */ = {
			isa = XCConfigurationList;
			buildConfigurations = (
				5B2F15912B66338A007D050C /* Debug */,
				5B2F15922B66338A007D050C /* Release */,
			);
			defaultConfigurationIsVisible = 0;
			defaultConfigurationName = Release;
		};
		5B2F15932B66338A007D050C /* Build configuration list for PBXNativeTarget "NoobStream" */ = {
			isa = XCConfigurationList;
			buildConfigurations = (
				5B2F15942B66338A007D050C /* Debug */,
				5B2F15952B66338A007D050C /* Release */,
			);
			defaultConfigurationIsVisible = 0;
			defaultConfigurationName = Release;
		};
/* End XCConfigurationList section */
	};
	rootObject = 5B2F15772B663389007D050C /* Project object */;
}
